
Microsoft Visual Studio Solution File, Format Version 10.00
# Visual Studio 2008
Project("{8BC9CEB8-8B4A-11D0-8D11-00A0C91BC942}") = "BSUtil", "BSUtil\BSUtil.vcproj", "{EB77F45D-E59B-4487-9953-FEBAA763F953}"
EndProject
Project("{8BC9CEB8-8B4A-11D0-8D11-00A0C91BC942}") = "D3Client", "D3Client\D3Client.vcproj", "{3ACA3BFF-AA74-41DF-8A8F-7DE22DED646D}"
	ProjectSection(ProjectDependencies) = postProject
		{EB77F45D-E59B-4487-9953-FEBAA763F953} = {EB77F45D-E59B-4487-9953-FEBAA763F953}
		{D06259A2-5884-4539-8E70-9F9173ECDCF7} = {D06259A2-5884-4539-8E70-9F9173ECDCF7}
	EndProjectSection
EndProject
Project("{8BC9CEB8-8B4A-11D0-8D11-00A0C91BC942}") = "D3Service", "D3Service\D3Service.vcproj", "{8E6D6F29-BEF5-4174-B652-38988F015DAD}"
	ProjectSection(ProjectDependencies) = postProject
		{EB77F45D-E59B-4487-9953-FEBAA763F953} = {EB77F45D-E59B-4487-9953-FEBAA763F953}
		{D06259A2-5884-4539-8E70-9F9173ECDCF7} = {D06259A2-5884-4539-8E70-9F9173ECDCF7}
	EndProjectSection
EndProject
Project("{8BC9CEB8-8B4A-11D0-8D11-00A0C91BC942}") = "D3Common", "D3Common\D3Common.vcproj", "{D06259A2-5884-4539-8E70-9F9173ECDCF7}"
	ProjectSection(ProjectDependencies) = postProject
		{EB77F45D-E59B-4487-9953-FEBAA763F953} = {EB77F45D-E59B-4487-9953-FEBAA763F953}
	EndProjectSection
EndProject
Project("{8BC9CEB8-8B4A-11D0-8D11-00A0C91BC942}") = "PcNTService", "PcNTService\PcNTService.vcproj", "{308AB863-AE5E-485E-A872-C1024117DFAE}"
	ProjectSection(ProjectDependencies) = postProject
		{8E6D6F29-BEF5-4174-B652-38988F015DAD} = {8E6D6F29-BEF5-4174-B652-38988F015DAD}
		{EB77F45D-E59B-4487-9953-FEBAA763F953} = {EB77F45D-E59B-4487-9953-FEBAA763F953}
		{D06259A2-5884-4539-8E70-9F9173ECDCF7} = {D06259A2-5884-4539-8E70-9F9173ECDCF7}
	EndProjectSection
EndProject
Project("{8BC9CEB8-8B4A-11D0-8D11-00A0C91BC942}") = "ServiceMonitorUI", "D3MonitorUI\ServerMonitorUI.vcproj", "{924CF69B-F36D-469F-925F-C90A8C6273BB}"
	ProjectSection(ProjectDependencies) = postProject
		{8E6D6F29-BEF5-4174-B652-38988F015DAD} = {8E6D6F29-BEF5-4174-B652-38988F015DAD}
		{EB77F45D-E59B-4487-9953-FEBAA763F953} = {EB77F45D-E59B-4487-9953-FEBAA763F953}
		{D06259A2-5884-4539-8E70-9F9173ECDCF7} = {D06259A2-5884-4539-8E70-9F9173ECDCF7}
		{4ECDB6F2-B043-48EE-998E-4001DC7E9E80} = {4ECDB6F2-B043-48EE-998E-4001DC7E9E80}
	EndProjectSection
EndProject
Project("{8BC9CEB8-8B4A-11D0-8D11-00A0C91BC942}") = "UIConnector", "UIConnector\UIConnector.vcproj", "{4ECDB6F2-B043-48EE-998E-4001DC7E9E80}"
	ProjectSection(ProjectDependencies) = postProject
		{EB77F45D-E59B-4487-9953-FEBAA763F953} = {EB77F45D-E59B-4487-9953-FEBAA763F953}
	EndProjectSection
EndProject
Project("{8BC9CEB8-8B4A-11D0-8D11-00A0C91BC942}") = "PerconClientTest", "ClientTest\ClientTest.vcproj", "{C746FBC6-8D7D-46FE-A6CC-EEA4AE1D4C88}"
	ProjectSection(ProjectDependencies) = postProject
		{EB77F45D-E59B-4487-9953-FEBAA763F953} = {EB77F45D-E59B-4487-9953-FEBAA763F953}
		{D06259A2-5884-4539-8E70-9F9173ECDCF7} = {D06259A2-5884-4539-8E70-9F9173ECDCF7}
		{3ACA3BFF-AA74-41DF-8A8F-7DE22DED646D} = {3ACA3BFF-AA74-41DF-8A8F-7DE22DED646D}
	EndProjectSection
EndProject
Global
	GlobalSection(SolutionConfigurationPlatforms) = preSolution
		Debug|Win32 = Debug|Win32
		Release|Win32 = Release|Win32
	EndGlobalSection
	GlobalSection(ProjectConfigurationPlatforms) = postSolution
		{EB77F45D-E59B-4487-9953-FEBAA763F953}.Debug|Win32.ActiveCfg = Debug|Win32
		{EB77F45D-E59B-4487-9953-FEBAA763F953}.Debug|Win32.Build.0 = Debug|Win32
		{EB77F45D-E59B-4487-9953-FEBAA763F953}.Release|Win32.ActiveCfg = Release|Win32
		{EB77F45D-E59B-4487-9953-FEBAA763F953}.Release|Win32.Build.0 = Release|Win32
		{3ACA3BFF-AA74-41DF-8A8F-7DE22DED646D}.Debug|Win32.ActiveCfg = Debug|Win32
		{3ACA3BFF-AA74-41DF-8A8F-7DE22DED646D}.Debug|Win32.Build.0 = Debug|Win32
		{3ACA3BFF-AA74-41DF-8A8F-7DE22DED646D}.Release|Win32.ActiveCfg = Release|Win32
		{3ACA3BFF-AA74-41DF-8A8F-7DE22DED646D}.Release|Win32.Build.0 = Release|Win32
		{8E6D6F29-BEF5-4174-B652-38988F015DAD}.Debug|Win32.ActiveCfg = Debug|Win32
		{8E6D6F29-BEF5-4174-B652-38988F015DAD}.Debug|Win32.Build.0 = Debug|Win32
		{8E6D6F29-BEF5-4174-B652-38988F015DAD}.Release|Win32.ActiveCfg = Release|Win32
		{8E6D6F29-BEF5-4174-B652-38988F015DAD}.Release|Win32.Build.0 = Release|Win32
		{D06259A2-5884-4539-8E70-9F9173ECDCF7}.Debug|Win32.ActiveCfg = Debug|Win32
		{D06259A2-5884-4539-8E70-9F9173ECDCF7}.Debug|Win32.Build.0 = Debug|Win32
		{D06259A2-5884-4539-8E70-9F9173ECDCF7}.Release|Win32.ActiveCfg = Release|Win32
		{D06259A2-5884-4539-8E70-9F9173ECDCF7}.Release|Win32.Build.0 = Release|Win32
		{308AB863-AE5E-485E-A872-C1024117DFAE}.Debug|Win32.ActiveCfg = Debug|Win32
		{308AB863-AE5E-485E-A872-C1024117DFAE}.Release|Win32.ActiveCfg = Release|Win32
		{924CF69B-F36D-469F-925F-C90A8C6273BB}.Debug|Win32.ActiveCfg = Debug|Win32
		{924CF69B-F36D-469F-925F-C90A8C6273BB}.Debug|Win32.Build.0 = Debug|Win32
		{924CF69B-F36D-469F-925F-C90A8C6273BB}.Release|Win32.ActiveCfg = Release|Win32
		{924CF69B-F36D-469F-925F-C90A8C6273BB}.Release|Win32.Build.0 = Release|Win32
		{4ECDB6F2-B043-48EE-998E-4001DC7E9E80}.Debug|Win32.ActiveCfg = Debug|Win32
		{4ECDB6F2-B043-48EE-998E-4001DC7E9E80}.Debug|Win32.Build.0 = Debug|Win32
		{4ECDB6F2-B043-48EE-998E-4001DC7E9E80}.Release|Win32.ActiveCfg = Release|Win32
		{4ECDB6F2-B043-48EE-998E-4001DC7E9E80}.Release|Win32.Build.0 = Release|Win32
		{C746FBC6-8D7D-46FE-A6CC-EEA4AE1D4C88}.Debug|Win32.ActiveCfg = Debug|Win32
		{C746FBC6-8D7D-46FE-A6CC-EEA4AE1D4C88}.Debug|Win32.Build.0 = Debug|Win32
		{C746FBC6-8D7D-46FE-A6CC-EEA4AE1D4C88}.Release|Win32.ActiveCfg = Release|Win32
		{C746FBC6-8D7D-46FE-A6CC-EEA4AE1D4C88}.Release|Win32.Build.0 = Release|Win32
	EndGlobalSection
	GlobalSection(SolutionProperties) = preSolution
		HideSolutionNode = FALSE
	EndGlobalSection
	GlobalSection(ExtensibilityGlobals) = postSolution
		VisualSVNWorkingCopyRoot = .
	EndGlobalSection
EndGlobal
